<?xml version="1.0" encoding="utf-8"?>
<Project ToolsVersion="4.0" xmlns="http://schemas.microsoft.com/developer/msbuild/2003">
  <ItemGroup>
    <Filter Include="源文件">
      <UniqueIdentifier>{4FC737F1-C7A5-4376-A066-2A32D752A2FF}</UniqueIdentifier>
      <Extensions>cpp;c;cc;cxx;def;odl;idl;hpj;bat;asm;asmx</Extensions>
    </Filter>
    <Filter Include="头文件">
      <UniqueIdentifier>{93995380-89BD-4b04-88EB-625FBE52EBFB}</UniqueIdentifier>
      <Extensions>h;hh;hpp;hxx;hm;inl;inc;xsd</Extensions>
    </Filter>
    <Filter Include="资源文件">
      <UniqueIdentifier>{67DA6AB6-F800-4c08-8B7A-83BB121AAD01}</UniqueIdentifier>
      <Extensions>rc;ico;cur;bmp;dlg;rc2;rct;bin;rgs;gif;jpg;jpeg;jpe;resx;tiff;tif;png;wav;mfcribbon-ms</Extensions>
    </Filter>
  </ItemGroup>
  <ItemGroup>
    <ClInclude Include="..\..\src\duotaitest.h">
      <Filter>头文件</Filter>
    </ClInclude>
    <ClInclude Include="..\..\src\Fab.h">
      <Filter>头文件</Filter>
    </ClInclude>
    <ClInclude Include="..\..\src\Linuxtest.h">
      <Filter>头文件</Filter>
    </ClInclude>
    <ClInclude Include="..\..\src\MyFind.h">
      <Filter>头文件</Filter>
    </ClInclude>
    <ClInclude Include="..\..\src\MyFun.h">
      <Filter>头文件</Filter>
    </ClInclude>
    <ClInclude Include="..\..\src\MyList.h">
      <Filter>头文件</Filter>
    </ClInclude>
    <ClInclude Include="..\..\src\MySort.h">
      <Filter>头文件</Filter>
    </ClInclude>
    <ClInclude Include="..\..\src\MyString.h">
      <Filter>头文件</Filter>
    </ClInclude>
    <ClInclude Include="..\..\src\MyTree.h">
      <Filter>头文件</Filter>
    </ClInclude>
    <ClInclude Include="..\..\src\sizeoftest.h">
      <Filter>头文件</Filter>
    </ClInclude>
    <ClInclude Include="..\..\src\staticPar.h">
      <Filter>头文件</Filter>
    </ClInclude>
    <ClInclude Include="..\..\src\statictest.h">
      <Filter>头文件</Filter>
    </ClInclude>
    <ClInclude Include="..\..\src\statictest2.h">
      <Filter>头文件</Filter>
    </ClInclude>
    <ClInclude Include="..\..\src\StrTest.h">
      <Filter>头文件</Filter>
    </ClInclude>
    <ClInclude Include="..\..\src\virtualtableTest.h">
      <Filter>头文件</Filter>
    </ClInclude>
    <ClInclude Include="MyHash.h">
      <Filter>头文件</Filter>
    </ClInclude>
    <ClInclude Include="..\..\src\KMP.h">
      <Filter>头文件</Filter>
    </ClInclude>
    <ClInclude Include="..\..\src\DirtyManager.h">
      <Filter>头文件</Filter>
    </ClInclude>
    <ClInclude Include="..\..\src\global.h">
      <Filter>头文件</Filter>
    </ClInclude>
    <ClInclude Include="..\..\src\MyStack.h">
      <Filter>头文件</Filter>
    </ClInclude>
    <ClInclude Include="..\..\src\MyDiGui.h">
      <Filter>头文件</Filter>
    </ClInclude>
  </ItemGroup>
  <ItemGroup>
    <ClCompile Include="..\..\src\main2.cpp">
      <Filter>头文件</Filter>
    </ClCompile>
    <ClCompile Include="main.cpp">
      <Filter>源文件</Filter>
    </ClCompile>
  </ItemGroup>
  <ItemGroup>
    <None Include="..\..\src\makefile">
      <Filter>头文件</Filter>
    </None>
  </ItemGroup>
  <ItemGroup>
    <Text Include="..\..\src\note.txt">
      <Filter>头文件</Filter>
    </Text>
    <Text Include="..\..\src\readelf.txt">
      <Filter>头文件</Filter>
    </Text>
    <Text Include="..\..\src\静态变量.txt">
      <Filter>头文件</Filter>
    </Text>
    <Text Include="..\..\src\内存对齐note.txt">
      <Filter>头文件</Filter>
    </Text>
    <Text Include="..\..\src\运维.txt">
      <Filter>头文件</Filter>
    </Text>
  </ItemGroup>
</Project>